
Microsoft Visual Studio Solution File, Format Version 12.00
# Visual Studio Version 17
VisualStudioVersion = 17.7.34202.233
MinimumVisualStudioVersion = 10.0.40219.1
Project("{FAE04EC0-301F-11D3-BF4B-00C04F79EFBC}") = "ProjetoTDD", "ProjetoTDD\ProjetoTDD.csproj", "{A6DE23BD-D79F-4D27-BE3C-9B1B793ACB23}"
EndProject
Project("{FAE04EC0-301F-11D3-BF4B-00C04F79EFBC}") = "TestProjetoTDD", "TestProjetoTDD\TestProjetoTDD.csproj", "{F08295B6-32BC-403F-86E4-B1D6EBBEBFDF}"
EndProject
Global
	GlobalSection(SolutionConfigurationPlatforms) = preSolution
		Debug|Any CPU = Debug|Any CPU
		Release|Any CPU = Release|Any CPU
	EndGlobalSection
	GlobalSection(ProjectConfigurationPlatforms) = postSolution
		{A6DE23BD-D79F-4D27-BE3C-9B1B793ACB23}.Debug|Any CPU.ActiveCfg = Debug|Any CPU
		{A6DE23BD-D79F-4D27-BE3C-9B1B793ACB23}.Debug|Any CPU.Build.0 = Debug|Any CPU
		{A6DE23BD-D79F-4D27-BE3C-9B1B793ACB23}.Release|Any CPU.ActiveCfg = Release|Any CPU
		{A6DE23BD-D79F-4D27-BE3C-9B1B793ACB23}.Release|Any CPU.Build.0 = Release|Any CPU
		{F08295B6-32BC-403F-86E4-B1D6EBBEBFDF}.Debug|Any CPU.ActiveCfg = Debug|Any CPU
		{F08295B6-32BC-403F-86E4-B1D6EBBEBFDF}.Debug|Any CPU.Build.0 = Debug|Any CPU
		{F08295B6-32BC-403F-86E4-B1D6EBBEBFDF}.Release|Any CPU.ActiveCfg = Release|Any CPU
		{F08295B6-32BC-403F-86E4-B1D6EBBEBFDF}.Release|Any CPU.Build.0 = Release|Any CPU
	EndGlobalSection
	GlobalSection(SolutionProperties) = preSolution
		HideSolutionNode = FALSE
	EndGlobalSection
	GlobalSection(ExtensibilityGlobals) = postSolution
		SolutionGuid = {6FA9546D-F468-4DB1-BCD4-14A81BF73BE1}
	EndGlobalSection
EndGlobal
